// !$*UTF8*$!
{
	archiveVersion = 1;
	classes = {
	};
	objectVersion = 56;
	objects = {

/* Begin PBXBuildFile section */
		21D28E07291A211600F827B8 /* AppDelegate.swift in Sources */ = {isa = PBXBuildFile; fileRef = 21D28E06291A211600F827B8 /* AppDelegate.swift */; };
		21D28E09291A211600F827B8 /* SceneDelegate.swift in Sources */ = {isa = PBXBuildFile; fileRef = 21D28E08291A211600F827B8 /* SceneDelegate.swift */; };
		21D28E0B291A211600F827B8 /* ViewController.swift in Sources */ = {isa = PBXBuildFile; fileRef = 21D28E0A291A211600F827B8 /* ViewController.swift */; };
		21D28E0E291A211600F827B8 /* Main.storyboard in Resources */ = {isa = PBXBuildFile; fileRef = 21D28E0C291A211600F827B8 /* Main.storyboard */; };
		21D28E10291A211900F827B8 /* Assets.xcassets in Resources */ = {isa = PBXBuildFile; fileRef = 21D28E0F291A211900F827B8 /* Assets.xcassets */; };
		21D28E13291A211900F827B8 /* LaunchScreen.storyboard in Resources */ = {isa = PBXBuildFile; fileRef = 21D28E11291A211900F827B8 /* LaunchScreen.storyboard */; };
		21D28E1E291A211900F827B8 /* Traffic_SeguesTests.swift in Sources */ = {isa = PBXBuildFile; fileRef = 21D28E1D291A211900F827B8 /* Traffic_SeguesTests.swift */; };
		21D28E28291A211900F827B8 /* Traffic_SeguesUITests.swift in Sources */ = {isa = PBXBuildFile; fileRef = 21D28E27291A211900F827B8 /* Traffic_SeguesUITests.swift */; };
		21D28E2A291A211900F827B8 /* Traffic_SeguesUITestsLaunchTests.swift in Sources */ = {isa = PBXBuildFile; fileRef = 21D28E29291A211900F827B8 /* Traffic_SeguesUITestsLaunchTests.swift */; };
/* End PBXBuildFile section */

/* Begin PBXContainerItemProxy section */
		21D28E1A291A211900F827B8 /* PBXContainerItemProxy */ = {
			isa = PBXContainerItemProxy;
			containerPortal = 21D28DFB291A211600F827B8 /* Project object */;
			proxyType = 1;
			remoteGlobalIDString = 21D28E02291A211600F827B8;
			remoteInfo = "Traffic Segues";
		};
		21D28E24291A211900F827B8 /* PBXContainerItemProxy */ = {
			isa = PBXContainerItemProxy;
			containerPortal = 21D28DFB291A211600F827B8 /* Project object */;
			proxyType = 1;
			remoteGlobalIDString = 21D28E02291A211600F827B8;
			remoteInfo = "Traffic Segues";
		};
/* End PBXContainerItemProxy section */

/* Begin PBXFileReference section */
		21D28E03291A211600F827B8 /* Traffic Segues.app */ = {isa = PBXFileReference; explicitFileType = wrapper.application; includeInIndex = 0; path = "Traffic Segues.app"; sourceTree = BUILT_PRODUCTS_DIR; };
		21D28E06291A211600F827B8 /* AppDelegate.swift */ = {isa = PBXFileReference; lastKnownFileType = sourcecode.swift; path = AppDelegate.swift; sourceTree = "<group>"; };
		21D28E08291A211600F827B8 /* SceneDelegate.swift */ = {isa = PBXFileReference; lastKnownFileType = sourcecode.swift; path = SceneDelegate.swift; sourceTree = "<group>"; };
		21D28E0A291A211600F827B8 /* ViewController.swift */ = {isa = PBXFileReference; lastKnownFileType = sourcecode.swift; path = ViewController.swift; sourceTree = "<group>"; };
		21D28E0D291A211600F827B8 /* Base */ = {isa = PBXFileReference; lastKnownFileType = file.storyboard; name = Base; path = Base.lproj/Main.storyboard; sourceTree = "<group>"; };
		21D28E0F291A211900F827B8 /* Assets.xcassets */ = {isa = PBXFileReference; lastKnownFileType = folder.assetcatalog; path = Assets.xcassets; sourceTree = "<group>"; };
		21D28E12291A211900F827B8 /* Base */ = {isa = PBXFileReference; lastKnownFileType = file.storyboard; name = Base; path = Base.lproj/LaunchScreen.storyboard; sourceTree = "<group>"; };
		21D28E14291A211900F827B8 /* Info.plist */ = {isa = PBXFileReference; lastKnownFileType = text.plist.xml; path = Info.plist; sourceTree = "<group>"; };
		21D28E19291A211900F827B8 /* Traffic SeguesTests.xctest */ = {isa = PBXFileReference; explicitFileType = wrapper.cfbundle; includeInIndex = 0; path = "Traffic SeguesTests.xctest"; sourceTree = BUILT_PRODUCTS_DIR; };
		21D28E1D291A211900F827B8 /* Traffic_SeguesTests.swift */ = {isa = PBXFileReference; lastKnownFileType = sourcecode.swift; path = Traffic_SeguesTests.swift; sourceTree = "<group>"; };
		21D28E23291A211900F827B8 /* Traffic SeguesUITests.xctest */ = {isa = PBXFileReference; explicitFileType = wrapper.cfbundle; includeInIndex = 0; path = "Traffic SeguesUITests.xctest"; sourceTree = BUILT_PRODUCTS_DIR; };
		21D28E27291A211900F827B8 /* Traffic_SeguesUITests.swift */ = {isa = PBXFileReference; lastKnownFileType = sourcecode.swift; path = Traffic_SeguesUITests.swift; sourceTree = "<group>"; };
		21D28E29291A211900F827B8 /* Traffic_SeguesUITestsLaunchTests.swift */ = {isa = PBXFileReference; lastKnownFileType = sourcecode.swift; path = Traffic_SeguesUITestsLaunchTests.swift; sourceTree = "<group>"; };
/* End PBXFileReference section */

/* Begin PBXFrameworksBuildPhase section */
		21D28E00291A211600F827B8 /* Frameworks */ = {
			isa = PBXFrameworksBuildPhase;
			buildActionMask = 2147483647;
			files = (
			);
			runOnlyForDeploymentPostprocessing = 0;
		};
		21D28E16291A211900F827B8 /* Frameworks */ = {
			isa = PBXFrameworksBuildPhase;
			buildActionMask = 2147483647;
			files = (
			);
			runOnlyForDeploymentPostprocessing = 0;
		};
		21D28E20291A211900F827B8 /* Frameworks */ = {
			isa = PBXFrameworksBuildPhase;
			buildActionMask = 2147483647;
			files = (
			);
			runOnlyForDeploymentPostprocessing = 0;
		};
/* End PBXFrameworksBuildPhase section */

/* Begin PBXGroup section */
		21D28DFA291A211600F827B8 = {
			isa = PBXGroup;
			children = (
				21D28E05291A211600F827B8 /* Traffic Segues */,
				21D28E1C291A211900F827B8 /* Traffic SeguesTests */,
				21D28E26291A211900F827B8 /* Traffic SeguesUITests */,
				21D28E04291A211600F827B8 /* Products */,
			);
			sourceTree = "<group>";
		};
		21D28E04291A211600F827B8 /* Products */ = {
			isa = PBXGroup;
			children = (
				21D28E03291A211600F827B8 /* Traffic Segues.app */,
				21D28E19291A211900F827B8 /* Traffic SeguesTests.xctest */,
				21D28E23291A211900F827B8 /* Traffic SeguesUITests.xctest */,
			);
			name = Products;
			sourceTree = "<group>";
		};
		21D28E05291A211600F827B8 /* Traffic Segues */ = {
			isa = PBXGroup;
			children = (
				21D28E06291A211600F827B8 /* AppDelegate.swift */,
				21D28E08291A211600F827B8 /* SceneDelegate.swift */,
				21D28E0A291A211600F827B8 /* ViewController.swift */,
				21D28E0C291A211600F827B8 /* Main.storyboard */,
				21D28E0F291A211900F827B8 /* Assets.xcassets */,
				21D28E11291A211900F827B8 /* LaunchScreen.storyboard */,
				21D28E14291A211900F827B8 /* Info.plist */,
			);
			path = "Traffic Segues";
			sourceTree = "<group>";
		};
		21D28E1C291A211900F827B8 /* Traffic SeguesTests */ = {
			isa = PBXGroup;
			children = (
				21D28E1D291A211900F827B8 /* Traffic_SeguesTests.swift */,
			);
			path = "Traffic SeguesTests";
			sourceTree = "<group>";
		};
		21D28E26291A211900F827B8 /* Traffic SeguesUITests */ = {
			isa = PBXGroup;
			children = (
				21D28E27291A211900F827B8 /* Traffic_SeguesUITests.swift */,
				21D28E29291A211900F827B8 /* Traffic_SeguesUITestsLaunchTests.swift */,
			);
			path = "Traffic SeguesUITests";
			sourceTree = "<group>";
		};
/* End PBXGroup section */

/* Begin PBXNativeTarget section */
		21D28E02291A211600F827B8 /* Traffic Segues */ = {
			isa = PBXNativeTarget;
			buildConfigurationList = 21D28E2D291A211900F827B8 /* Build configuration list for PBXNativeTarget "Traffic Segues" */;
			buildPhases = (
				21D28DFF291A211600F827B8 /* Sources */,
				21D28E00291A211600F827B8 /* Frameworks */,
				21D28E01291A211600F827B8 /* Resources */,
			);
			buildRules = (
			);
			dependencies = (
			);
			name = "Traffic Segues";
			productName = "Traffic Segues";
			productReference = 21D28E03291A211600F827B8 /* Traffic Segues.app */;
			productType = "com.apple.product-type.application";
		};
		21D28E18291A211900F827B8 /* Traffic SeguesTests */ = {
			isa = PBXNativeTarget;
			buildConfigurationList = 21D28E30291A211900F827B8 /* Build configuration list for PBXNativeTarget "Traffic SeguesTests" */;
			buildPhases = (
				21D28E15291A211900F827B8 /* Sources */,
				21D28E16291A211900F827B8 /* Frameworks */,
				21D28E17291A211900F827B8 /* Resources */,
			);
			buildRules = (
			);
			dependencies = (
				21D28E1B291A211900F827B8 /* PBXTargetDependency */,
			);
			name = "Traffic SeguesTests";
			productName = "Traffic SeguesTests";
			productReference = 21D28E19291A211900F827B8 /* Traffic SeguesTests.xctest */;
			productType = "com.apple.product-type.bundle.unit-test";
		};
		21D28E22291A211900F827B8 /* Traffic SeguesUITests */ = {
			isa = PBXNativeTarget;
			buildConfigurationList = 21D28E33291A211900F827B8 /* Build configuration list for PBXNativeTarget "Traffic SeguesUITests" */;
			buildPhases = (
				21D28E1F291A211900F827B8 /* Sources */,
				21D28E20291A211900F827B8 /* Frameworks */,
				21D28E21291A211900F827B8 /* Resources */,
			);
			buildRules = (
			);
			dependencies = (
				21D28E25291A211900F827B8 /* PBXTargetDependency */,
			);
			name = "Traffic SeguesUITests";
			productName = "Traffic SeguesUITests";
			productReference = 21D28E23291A211900F827B8 /* Traffic SeguesUITests.xctest */;
			productType = "com.apple.product-type.bundle.ui-testing";
		};
/* End PBXNativeTarget section */

/* Begin PBXProject section */
		21D28DFB291A211600F827B8 /* Project object */ = {
			isa = PBXProject;
			attributes = {
				BuildIndependentTargetsInParallel = 1;
				LastSwiftUpdateCheck = 1400;
				LastUpgradeCheck = 1400;
				TargetAttributes = {
					21D28E02291A211600F827B8 = {
						CreatedOnToolsVersion = 14.0.1;
					};
					21D28E18291A211900F827B8 = {
						CreatedOnToolsVersion = 14.0.1;
						TestTargetID = 21D28E02291A211600F827B8;
					};
					21D28E22291A211900F827B8 = {
						CreatedOnToolsVersion = 14.0.1;
						TestTargetID = 21D28E02291A211600F827B8;
					};
				};
			};
			buildConfigurationList = 21D28DFE291A211600F827B8 /* Build configuration list for PBXProject "Traffic Segues" */;
			compatibilityVersion = "Xcode 14.0";
			developmentRegion = en;
			hasScannedForEncodings = 0;
			knownRegions = (
				en,
				Base,
			);
			mainGroup = 21D28DFA291A211600F827B8;
			productRefGroup = 21D28E04291A211600F827B8 /* Products */;
			projectDirPath = "";
			projectRoot = "";
			targets = (
				21D28E02291A211600F827B8 /* Traffic Segues */,
				21D28E18291A211900F827B8 /* Traffic SeguesTests */,
				21D28E22291A211900F827B8 /* Traffic SeguesUITests */,
			);
		};
/* End PBXProject section */

/* Begin PBXResourcesBuildPhase section */
		21D28E01291A211600F827B8 /* Resources */ = {
			isa = PBXResourcesBuildPhase;
			buildActionMask = 2147483647;
			files = (
				21D28E13291A211900F827B8 /* LaunchScreen.storyboard in Resources */,
				21D28E10291A211900F827B8 /* Assets.xcassets in Resources */,
				21D28E0E291A211600F827B8 /* Main.storyboard in Resources */,
			);
			runOnlyForDeploymentPostprocessing = 0;
		};
		21D28E17291A211900F827B8 /* Resources */ = {
			isa = PBXResourcesBuildPhase;
			buildActionMask = 2147483647;
			files = (
			);
			runOnlyForDeploymentPostprocessing = 0;
		};
		21D28E21291A211900F827B8 /* Resources */ = {
			isa = PBXResourcesBuildPhase;
			buildActionMask = 2147483647;
			files = (
			);
			runOnlyForDeploymentPostprocessing = 0;
		};
/* End PBXResourcesBuildPhase section */

/* Begin PBXSourcesBuildPhase section */
		21D28DFF291A211600F827B8 /* Sources */ = {
			isa = PBXSourcesBuildPhase;
			buildActionMask = 2147483647;
			files = (
				21D28E0B291A211600F827B8 /* ViewController.swift in Sources */,
				21D28E07291A211600F827B8 /* AppDelegate.swift in Sources */,
				21D28E09291A211600F827B8 /* SceneDelegate.swift in Sources */,
			);
			runOnlyForDeploymentPostprocessing = 0;
		};
		21D28E15291A211900F827B8 /* Sources */ = {
			isa = PBXSourcesBuildPhase;
			buildActionMask = 2147483647;
			files = (
				21D28E1E291A211900F827B8 /* Traffic_SeguesTests.swift in Sources */,
			);
			runOnlyForDeploymentPostprocessing = 0;
		};
		21D28E1F291A211900F827B8 /* Sources */ = {
			isa = PBXSourcesBuildPhase;
			buildActionMask = 2147483647;
			files = (
				21D28E2A291A211900F827B8 /* Traffic_SeguesUITestsLaunchTests.swift in Sources */,
				21D28E28291A211900F827B8 /* Traffic_SeguesUITests.swift in Sources */,
			);
			runOnlyForDeploymentPostprocessing = 0;
		};
/* End PBXSourcesBuildPhase section */

/* Begin PBXTargetDependency section */
		21D28E1B291A211900F827B8 /* PBXTargetDependency */ = {
			isa = PBXTargetDependency;
			target = 21D28E02291A211600F827B8 /* Traffic Segues */;
			targetProxy = 21D28E1A291A211900F827B8 /* PBXContainerItemProxy */;
		};
		21D28E25291A211900F827B8 /* PBXTargetDependency */ = {
			isa = PBXTargetDependency;
			target = 21D28E02291A211600F827B8 /* Traffic Segues */;
			targetProxy = 21D28E24291A211900F827B8 /* PBXContainerItemProxy */;
		};
/* End PBXTargetDependency section */

/* Begin PBXVariantGroup section */
		21D28E0C291A211600F827B8 /* Main.storyboard */ = {
			isa = PBXVariantGroup;
			children = (
				21D28E0D291A211600F827B8 /* Base */,
			);
			name = Main.storyboard;
			sourceTree = "<group>";
		};
		21D28E11291A211900F827B8 /* LaunchScreen.storyboard */ = {
			isa = PBXVariantGroup;
			children = (
				21D28E12291A211900F827B8 /* Base */,
			);
			name = LaunchScreen.storyboard;
			sourceTree = "<group>";
		};
/* End PBXVariantGroup section */

/* Begin XCBuildConfiguration section */
		21D28E2B291A211900F827B8 /* Debug */ = {
			isa = XCBuildConfiguration;
			buildSettings = {
				ALWAYS_SEARCH_USER_PATHS = NO;
				CLANG_ANALYZER_NONNULL = YES;
				CLANG_ANALYZER_NUMBER_OBJECT_CONVERSION = YES_AGGRESSIVE;
				CLANG_CXX_LANGUAGE_STANDARD = "gnu++20";
				CLANG_ENABLE_MODULES = YES;
				CLANG_ENABLE_OBJC_ARC = YES;
				CLANG_ENABLE_OBJC_WEAK = YES;
				CLANG_WARN_BLOCK_CAPTURE_AUTORELEASING = YES;
				CLANG_WARN_BOOL_CONVERSION = YES;
				CLANG_WARN_COMMA = YES;
				CLANG_WARN_CONSTANT_CONVERSION = YES;
				CLANG_WARN_DEPRECATED_OBJC_IMPLEMENTATIONS = YES;
				CLANG_WARN_DIRECT_OBJC_ISA_USAGE = YES_ERROR;
				CLANG_WARN_DOCUMENTATION_COMMENTS = YES;
				CLANG_WARN_EMPTY_BODY = YES;
				CLANG_WARN_ENUM_CONVERSION = YES;
				CLANG_WARN_INFINITE_RECURSION = YES;
				CLANG_WARN_INT_CONVERSION = YES;
				CLANG_WARN_NON_LITERAL_NULL_CONVERSION = YES;
				CLANG_WARN_OBJC_IMPLICIT_RETAIN_SELF = YES;
				CLANG_WARN_OBJC_LITERAL_CONVERSION = YES;
				CLANG_WARN_OBJC_ROOT_CLASS = YES_ERROR;
				CLANG_WARN_QUOTED_INCLUDE_IN_FRAMEWORK_HEADER = YES;
				CLANG_WARN_RANGE_LOOP_ANALYSIS = YES;
				CLANG_WARN_STRICT_PROTOTYPES = YES;
				CLANG_WARN_SUSPICIOUS_MOVE = YES;
				CLANG_WARN_UNGUARDED_AVAILABILITY = YES_AGGRESSIVE;
				CLANG_WARN_UNREACHABLE_CODE = YES;
				CLANG_WARN__DUPLICATE_METHOD_MATCH = YES;
				COPY_PHASE_STRIP = NO;
				DEBUG_INFORMATION_FORMAT = dwarf;
				ENABLE_STRICT_OBJC_MSGSEND = YES;
				ENABLE_TESTABILITY = YES;
				GCC_C_LANGUAGE_STANDARD = gnu11;
				GCC_DYNAMIC_NO_PIC = NO;
				GCC_NO_COMMON_BLOCKS = YES;
				GCC_OPTIMIZATION_LEVEL = 0;
				GCC_PREPROCESSOR_DEFINITIONS = (
					"DEBUG=1",
					"$(inherited)",
				);
				GCC_WARN_64_TO_32_BIT_CONVERSION = YES;
				GCC_WARN_ABOUT_RETURN_TYPE = YES_ERROR;
				GCC_WARN_UNDECLARED_SELECTOR = YES;
				GCC_WARN_UNINITIALIZED_AUTOS = YES_AGGRESSIVE;
				GCC_WARN_UNUSED_FUNCTION = YES;
				GCC_WARN_UNUSED_VARIABLE = YES;
				IPHONEOS_DEPLOYMENT_TARGET = 16.0;
				MTL_ENABLE_DEBUG_INFO = INCLUDE_SOURCE;
				MTL_FAST_MATH = YES;
				ONLY_ACTIVE_ARCH = YES;
				SDKROOT = iphoneos;
				SWIFT_ACTIVE_COMPILATION_CONDITIONS = DEBUG;
				SWIFT_OPTIMIZATION_LEVEL = "-Onone";
			};
			name = Debug;
		};
		21D28E2C291A211900F827B8 /* Release */ = {
			isa = XCBuildConfiguration;
			buildSettings = {
				ALWAYS_SEARCH_USER_PATHS = NO;
				CLANG_ANALYZER_NONNULL = YES;
				CLANG_ANALYZER_NUMBER_OBJECT_CONVERSION = YES_AGGRESSIVE;
				CLANG_CXX_LANGUAGE_STANDARD = "gnu++20";
				CLANG_ENABLE_MODULES = YES;
				CLANG_ENABLE_OBJC_ARC = YES;
				CLANG_ENABLE_OBJC_WEAK = YES;
				CLANG_WARN_BLOCK_CAPTURE_AUTORELEASING = YES;
				CLANG_WARN_BOOL_CONVERSION = YES;
				CLANG_WARN_COMMA = YES;
				CLANG_WARN_CONSTANT_CONVERSION = YES;
				CLANG_WARN_DEPRECATED_OBJC_IMPLEMENTATIONS = YES;
				CLANG_WARN_DIRECT_OBJC_ISA_USAGE = YES_ERROR;
				CLANG_WARN_DOCUMENTATION_COMMENTS = YES;
				CLANG_WARN_EMPTY_BODY = YES;
				CLANG_WARN_ENUM_CONVERSION = YES;
				CLANG_WARN_INFINITE_RECURSION = YES;
				CLANG_WARN_INT_CONVERSION = YES;
				CLANG_WARN_NON_LITERAL_NULL_CONVERSION = YES;
				CLANG_WARN_OBJC_IMPLICIT_RETAIN_SELF = YES;
				CLANG_WARN_OBJC_LITERAL_CONVERSION = YES;
				CLANG_WARN_OBJC_ROOT_CLASS = YES_ERROR;
				CLANG_WARN_QUOTED_INCLUDE_IN_FRAMEWORK_HEADER = YES;
				CLANG_WARN_RANGE_LOOP_ANALYSIS = YES;
				CLANG_WARN_STRICT_PROTOTYPES = YES;
				CLANG_WARN_SUSPICIOUS_MOVE = YES;
				CLANG_WARN_UNGUARDED_AVAILABILITY = YES_AGGRESSIVE;
				CLANG_WARN_UNREACHABLE_CODE = YES;
				CLANG_WARN__DUPLICATE_METHOD_MATCH = YES;
				COPY_PHASE_STRIP = NO;
				DEBUG_INFORMATION_FORMAT = "dwarf-with-dsym";
				ENABLE_NS_ASSERTIONS = NO;
				ENABLE_STRICT_OBJC_MSGSEND = YES;
				GCC_C_LANGUAGE_STANDARD = gnu11;
				GCC_NO_COMMON_BLOCKS = YES;
				GCC_WARN_64_TO_32_BIT_CONVERSION = YES;
				GCC_WARN_ABOUT_RETURN_TYPE = YES_ERROR;
				GCC_WARN_UNDECLARED_SELECTOR = YES;
				GCC_WARN_UNINITIALIZED_AUTOS = YES_AGGRESSIVE;
				GCC_WARN_UNUSED_FUNCTION = YES;
				GCC_WARN_UNUSED_VARIABLE = YES;
				IPHONEOS_DEPLOYMENT_TARGET = 16.0;
				MTL_ENABLE_DEBUG_INFO = NO;
				MTL_FAST_MATH = YES;
				SDKROOT = iphoneos;
				SWIFT_COMPILATION_MODE = wholemodule;
				SWIFT_OPTIMIZATION_LEVEL = "-O";
				VALIDATE_PRODUCT = YES;
			};
			name = Release;
		};
		21D28E2E291A211900F827B8 /* Debug */ = {
			isa = XCBuildConfiguration;
			buildSettings = {
				ASSETCATALOG_COMPILER_APPICON_NAME = AppIcon;
				ASSETCATALOG_COMPILER_GLOBAL_ACCENT_COLOR_NAME = AccentColor;
				CODE_SIGN_STYLE = Automatic;
				CURRENT_PROJECT_VERSION = 1;
				GENERATE_INFOPLIST_FILE = YES;
				INFOPLIST_FILE = "Traffic Segues/Info.plist";
				INFOPLIST_KEY_UIApplicationSupportsIndirectInputEvents = YES;
				INFOPLIST_KEY_UILaunchStoryboardName = LaunchScreen;
				INFOPLIST_KEY_UIMainStoryboardFile = Main;
				INFOPLIST_KEY_UISupportedInterfaceOrientations_iPad = "UIInterfaceOrientationPortrait UIInterfaceOrientationPortraitUpsideDown UIInterfaceOrientationLandscapeLeft UIInterfaceOrientationLandscapeRight";
				INFOPLIST_KEY_UISupportedInterfaceOrientations_iPhone = "UIInterfaceOrientationPortrait UIInterfaceOrientationLandscapeLeft UIInterfaceOrientationLandscapeRight";
				LD_RUNPATH_SEARCH_PATHS = (
					"$(inherited)",
					"@executable_path/Frameworks",
				);
				MARKETING_VERSION = 1.0;
				PRODUCT_BUNDLE_IDENTIFIER = "SRM.Traffic-Segues";
				PRODUCT_NAME = "$(TARGET_NAME)";
				SWIFT_EMIT_LOC_STRINGS = YES;
				SWIFT_VERSION = 5.0;
				TARGETED_DEVICE_FAMILY = "1,2";
			};
			name = Debug;
		};
		21D28E2F291A211900F827B8 /* Release */ = {
			isa = XCBuildConfiguration;
			buildSettings = {
				ASSETCATALOG_COMPILER_APPICON_NAME = AppIcon;
				ASSETCATALOG_COMPILER_GLOBAL_ACCENT_COLOR_NAME = AccentColor;
				CODE_SIGN_STYLE = Automatic;
				CURRENT_PROJECT_VERSION = 1;
				GENERATE_INFOPLIST_FILE = YES;
				INFOPLIST_FILE = "Traffic Segues/Info.plist";
				INFOPLIST_KEY_UIApplicationSupportsIndirectInputEvents = YES;
				INFOPLIST_KEY_UILaunchStoryboardName = LaunchScreen;
				INFOPLIST_KEY_UIMainStoryboardFile = Main;
				INFOPLIST_KEY_UISupportedInterfaceOrientations_iPad = "UIInterfaceOrientationPortrait UIInterfaceOrientationPortraitUpsideDown UIInterfaceOrientationLandscapeLeft UIInterfaceOrientationLandscapeRight";
				INFOPLIST_KEY_UISupportedInterfaceOrientations_iPhone = "UIInterfaceOrientationPortrait UIInterfaceOrientationLandscapeLeft UIInterfaceOrientationLandscapeRight";
				LD_RUNPATH_SEARCH_PATHS = (
					"$(inherited)",
					"@executable_path/Frameworks",
				);
				MARKETING_VERSION = 1.0;
				PRODUCT_BUNDLE_IDENTIFIER = "SRM.Traffic-Segues";
				PRODUCT_NAME = "$(TARGET_NAME)";
				SWIFT_EMIT_LOC_STRINGS = YES;
				SWIFT_VERSION = 5.0;
				TARGETED_DEVICE_FAMILY = "1,2";
			};
			name = Release;
		};
		21D28E31291A211900F827B8 /* Debug */ = {
			isa = XCBuildConfiguration;
			buildSettings = {
				ALWAYS_EMBED_SWIFT_STANDARD_LIBRARIES = YES;
				BUNDLE_LOADER = "$(TEST_HOST)";
				CODE_SIGN_STYLE = Automatic;
				CURRENT_PROJECT_VERSION = 1;
				GENERATE_INFOPLIST_FILE = YES;
				IPHONEOS_DEPLOYMENT_TARGET = 16.0;
				MARKETING_VERSION = 1.0;
				PRODUCT_BUNDLE_IDENTIFIER = "SRM.Traffic-SeguesTests";
				PRODUCT_NAME = "$(TARGET_NAME)";
				SWIFT_EMIT_LOC_STRINGS = NO;
				SWIFT_VERSION = 5.0;
				TARGETED_DEVICE_FAMILY = "1,2";
				TEST_HOST = "$(BUILT_PRODUCTS_DIR)/Traffic Segues.app/$(BUNDLE_EXECUTABLE_FOLDER_PATH)/Traffic Segues";
			};
			name = Debug;
		};
		21D28E32291A211900F827B8 /* Release */ = {
			isa = XCBuildConfiguration;
			buildSettings = {
				ALWAYS_EMBED_SWIFT_STANDARD_LIBRARIES = YES;
				BUNDLE_LOADER = "$(TEST_HOST)";
				CODE_SIGN_STYLE = Automatic;
				CURRENT_PROJECT_VERSION = 1;
				GENERATE_INFOPLIST_FILE = YES;
				IPHONEOS_DEPLOYMENT_TARGET = 16.0;
				MARKETING_VERSION = 1.0;
				PRODUCT_BUNDLE_IDENTIFIER = "SRM.Traffic-SeguesTests";
				PRODUCT_NAME = "$(TARGET_NAME)";
				SWIFT_EMIT_LOC_STRINGS = NO;
				SWIFT_VERSION = 5.0;
				TARGETED_DEVICE_FAMILY = "1,2";
				TEST_HOST = "$(BUILT_PRODUCTS_DIR)/Traffic Segues.app/$(BUNDLE_EXECUTABLE_FOLDER_PATH)/Traffic Segues";
			};
			name = Release;
		};
		21D28E34291A211900F827B8 /* Debug */ = {
			isa = XCBuildConfiguration;
			buildSettings = {
				ALWAYS_EMBED_SWIFT_STANDARD_LIBRARIES = YES;
				CODE_SIGN_STYLE = Automatic;
				CURRENT_PROJECT_VERSION = 1;
				GENERATE_INFOPLIST_FILE = YES;
				MARKETING_VERSION = 1.0;
				PRODUCT_BUNDLE_IDENTIFIER = "SRM.Traffic-SeguesUITests";
				PRODUCT_NAME = "$(TARGET_NAME)";
				SWIFT_EMIT_LOC_STRINGS = NO;
				SWIFT_VERSION = 5.0;
				TARGETED_DEVICE_FAMILY = "1,2";
				TEST_TARGET_NAME = "Traffic Segues";
			};
			name = Debug;
		};
		21D28E35291A211900F827B8 /* Release */ = {
			isa = XCBuildConfiguration;
			buildSettings = {
				ALWAYS_EMBED_SWIFT_STANDARD_LIBRARIES = YES;
				CODE_SIGN_STYLE = Automatic;
				CURRENT_PROJECT_VERSION = 1;
				GENERATE_INFOPLIST_FILE = YES;
				MARKETING_VERSION = 1.0;
				PRODUCT_BUNDLE_IDENTIFIER = "SRM.Traffic-SeguesUITests";
				PRODUCT_NAME = "$(TARGET_NAME)";
				SWIFT_EMIT_LOC_STRINGS = NO;
				SWIFT_VERSION = 5.0;
				TARGETED_DEVICE_FAMILY = "1,2";
				TEST_TARGET_NAME = "Traffic Segues";
			};
			name = Release;
		};
/* End XCBuildConfiguration section */

/* Begin XCConfigurationList section */
		21D28DFE291A211600F827B8 /* Build configuration list for PBXProject "Traffic Segues" */ = {
			isa = XCConfigurationList;
			buildConfigurations = (
				21D28E2B291A211900F827B8 /* Debug */,
				21D28E2C291A211900F827B8 /* Release */,
			);
			defaultConfigurationIsVisible = 0;
			defaultConfigurationName = Release;
		};
		21D28E2D291A211900F827B8 /* Build configuration list for PBXNativeTarget "Traffic Segues" */ = {
			isa = XCConfigurationList;
			buildConfigurations = (
				21D28E2E291A211900F827B8 /* Debug */,
				21D28E2F291A211900F827B8 /* Release */,
			);
			defaultConfigurationIsVisible = 0;
			defaultConfigurationName = Release;
		};
		21D28E30291A211900F827B8 /* Build configuration list for PBXNativeTarget "Traffic SeguesTests" */ = {
			isa = XCConfigurationList;
			buildConfigurations = (
				21D28E31291A211900F827B8 /* Debug */,
				21D28E32291A211900F827B8 /* Release */,
			);
			defaultConfigurationIsVisible = 0;
			defaultConfigurationName = Release;
		};
		21D28E33291A211900F827B8 /* Build configuration list for PBXNativeTarget "Traffic SeguesUITests" */ = {
			isa = XCConfigurationList;
			buildConfigurations = (
				21D28E34291A211900F827B8 /* Debug */,
				21D28E35291A211900F827B8 /* Release */,
			);
			defaultConfigurationIsVisible = 0;
			defaultConfigurationName = Release;
		};
/* End XCConfigurationList section */
	};
	rootObject = 21D28DFB291A211600F827B8 /* Project object */;
}
